
Microsoft Visual Studio Solution File, Format Version 12.00
# Visual Studio Version 17
VisualStudioVersion = 17.8.34511.84
MinimumVisualStudioVersion = 10.0.40219.1
Project("{FAE04EC0-301F-11D3-BF4B-00C04F79EFBC}") = "LeetCode_006", "LeetCode_006\LeetCode_006.csproj", "{6F7E8CEC-02D9-4D9C-97EE-ED6E98B124D6}"
EndProject
Global
	GlobalSection(SolutionConfigurationPlatforms) = preSolution
		Debug|Any CPU = Debug|Any CPU
		Release|Any CPU = Release|Any CPU
	EndGlobalSection
	GlobalSection(ProjectConfigurationPlatforms) = postSolution
		{6F7E8CEC-02D9-4D9C-97EE-ED6E98B124D6}.Debug|Any CPU.ActiveCfg = Debug|Any CPU
		{6F7E8CEC-02D9-4D9C-97EE-ED6E98B124D6}.Debug|Any CPU.Build.0 = Debug|Any CPU
		{6F7E8CEC-02D9-4D9C-97EE-ED6E98B124D6}.Release|Any CPU.ActiveCfg = Release|Any CPU
		{6F7E8CEC-02D9-4D9C-97EE-ED6E98B124D6}.Release|Any CPU.Build.0 = Release|Any CPU
	EndGlobalSection
	GlobalSection(SolutionProperties) = preSolution
		HideSolutionNode = FALSE
	EndGlobalSection
	GlobalSection(ExtensibilityGlobals) = postSolution
		SolutionGuid = {63792132-ABE3-4B40-9B4F-CEC2A24D2AF3}
	EndGlobalSection
EndGlobal
